
Microsoft Visual Studio Solution File, Format Version 12.00
# Visual Studio Version 16
VisualStudioVersion = 16.0.30804.86
MinimumVisualStudioVersion = 10.0.40219.1
Project("{FAE04EC0-301F-11D3-BF4B-00C04F79EFBC}") = "HangfireScheduling", "HangfireScheduling\HangfireScheduling.csproj", "{234723FE-D1D8-44C5-B025-6B199466BCEF}"
EndProject
Global
	GlobalSection(SolutionConfigurationPlatforms) = preSolution
		Debug|Any CPU = Debug|Any CPU
		Release|Any CPU = Release|Any CPU
	EndGlobalSection
	GlobalSection(ProjectConfigurationPlatforms) = postSolution
		{234723FE-D1D8-44C5-B025-6B199466BCEF}.Debug|Any CPU.ActiveCfg = Debug|Any CPU
		{234723FE-D1D8-44C5-B025-6B199466BCEF}.Debug|Any CPU.Build.0 = Debug|Any CPU
		{234723FE-D1D8-44C5-B025-6B199466BCEF}.Release|Any CPU.ActiveCfg = Release|Any CPU
		{234723FE-D1D8-44C5-B025-6B199466BCEF}.Release|Any CPU.Build.0 = Release|Any CPU
	EndGlobalSection
	GlobalSection(SolutionProperties) = preSolution
		HideSolutionNode = FALSE
	EndGlobalSection
	GlobalSection(ExtensibilityGlobals) = postSolution
		SolutionGuid = {FDBB15A2-CD81-4110-A1E4-29F64A2FE487}
	EndGlobalSection
EndGlobal
