
Microsoft Visual Studio Solution File, Format Version 12.00
# Visual Studio Version 16
VisualStudioVersion = 16.0.31424.327
MinimumVisualStudioVersion = 10.0.40219.1
Project("{FAE04EC0-301F-11D3-BF4B-00C04F79EFBC}") = "CustomerSurvey", "CustomerSurvey\CustomerSurvey.csproj", "{47401500-2E22-465D-BB28-24E8087CCE1C}"
EndProject
Global
	GlobalSection(SolutionConfigurationPlatforms) = preSolution
		Debug|Any CPU = Debug|Any CPU
		Release|Any CPU = Release|Any CPU
	EndGlobalSection
	GlobalSection(ProjectConfigurationPlatforms) = postSolution
		{47401500-2E22-465D-BB28-24E8087CCE1C}.Debug|Any CPU.ActiveCfg = Debug|Any CPU
		{47401500-2E22-465D-BB28-24E8087CCE1C}.Debug|Any CPU.Build.0 = Debug|Any CPU
		{47401500-2E22-465D-BB28-24E8087CCE1C}.Release|Any CPU.ActiveCfg = Release|Any CPU
		{47401500-2E22-465D-BB28-24E8087CCE1C}.Release|Any CPU.Build.0 = Release|Any CPU
	EndGlobalSection
	GlobalSection(SolutionProperties) = preSolution
		HideSolutionNode = FALSE
	EndGlobalSection
	GlobalSection(ExtensibilityGlobals) = postSolution
		SolutionGuid = {3DC5DBF8-C376-43E9-A4B4-B33202D84EE1}
	EndGlobalSection
EndGlobal
