
Microsoft Visual Studio Solution File, Format Version 12.00
# Visual Studio 15
VisualStudioVersion = 15.0.27703.2000
MinimumVisualStudioVersion = 10.0.40219.1
Project("{FAE04EC0-301F-11D3-BF4B-00C04F79EFBC}") = "HCMApp", "HCMApp\HCMApp.csproj", "{08D58384-F3A1-45BE-8786-656C8CA7D240}"
EndProject
Project("{FAE04EC0-301F-11D3-BF4B-00C04F79EFBC}") = "FormModel", "FormModel\FormModel.csproj", "{997C3F37-FEB1-4563-97B0-C2BA87E9C616}"
EndProject
Project("{FAE04EC0-301F-11D3-BF4B-00C04F79EFBC}") = "SecurityLayer", "SecurityLayer\SecurityLayer.csproj", "{EFD72357-1D04-4253-8E3B-56E3B894DE17}"
EndProject
Global
	GlobalSection(SolutionConfigurationPlatforms) = preSolution
		Debug|Any CPU = Debug|Any CPU
		Release|Any CPU = Release|Any CPU
	EndGlobalSection
	GlobalSection(ProjectConfigurationPlatforms) = postSolution
		{08D58384-F3A1-45BE-8786-656C8CA7D240}.Debug|Any CPU.ActiveCfg = Debug|Any CPU
		{08D58384-F3A1-45BE-8786-656C8CA7D240}.Debug|Any CPU.Build.0 = Debug|Any CPU
		{08D58384-F3A1-45BE-8786-656C8CA7D240}.Release|Any CPU.ActiveCfg = Release|Any CPU
		{08D58384-F3A1-45BE-8786-656C8CA7D240}.Release|Any CPU.Build.0 = Release|Any CPU
		{997C3F37-FEB1-4563-97B0-C2BA87E9C616}.Debug|Any CPU.ActiveCfg = Debug|Any CPU
		{997C3F37-FEB1-4563-97B0-C2BA87E9C616}.Debug|Any CPU.Build.0 = Debug|Any CPU
		{997C3F37-FEB1-4563-97B0-C2BA87E9C616}.Release|Any CPU.ActiveCfg = Release|Any CPU
		{997C3F37-FEB1-4563-97B0-C2BA87E9C616}.Release|Any CPU.Build.0 = Release|Any CPU
		{EFD72357-1D04-4253-8E3B-56E3B894DE17}.Debug|Any CPU.ActiveCfg = Debug|Any CPU
		{EFD72357-1D04-4253-8E3B-56E3B894DE17}.Debug|Any CPU.Build.0 = Debug|Any CPU
		{EFD72357-1D04-4253-8E3B-56E3B894DE17}.Release|Any CPU.ActiveCfg = Release|Any CPU
		{EFD72357-1D04-4253-8E3B-56E3B894DE17}.Release|Any CPU.Build.0 = Release|Any CPU
	EndGlobalSection
	GlobalSection(SolutionProperties) = preSolution
		HideSolutionNode = FALSE
	EndGlobalSection
	GlobalSection(ExtensibilityGlobals) = postSolution
		SolutionGuid = {1BA3A0FC-3B87-485C-AB2E-40012C6C7DFF}
	EndGlobalSection
EndGlobal
